
Microsoft Visual Studio Solution File, Format Version 12.00
# Visual Studio Version 17
VisualStudioVersion = 17.3.32519.111
MinimumVisualStudioVersion = 10.0.40219.1
Project("{FAE04EC0-301F-11D3-BF4B-00C04F79EFBC}") = "Riode", "Riode.csproj", "{CC571BCB-3A3D-4AB8-AF54-82F90A8E116F}"
EndProject
Global
	GlobalSection(SolutionConfigurationPlatforms) = preSolution
		Debug|Any CPU = Debug|Any CPU
		Release|Any CPU = Release|Any CPU
	EndGlobalSection
	GlobalSection(ProjectConfigurationPlatforms) = postSolution
		{CC571BCB-3A3D-4AB8-AF54-82F90A8E116F}.Debug|Any CPU.ActiveCfg = Debug|Any CPU
		{CC571BCB-3A3D-4AB8-AF54-82F90A8E116F}.Debug|Any CPU.Build.0 = Debug|Any CPU
		{CC571BCB-3A3D-4AB8-AF54-82F90A8E116F}.Release|Any CPU.ActiveCfg = Release|Any CPU
		{CC571BCB-3A3D-4AB8-AF54-82F90A8E116F}.Release|Any CPU.Build.0 = Release|Any CPU
	EndGlobalSection
	GlobalSection(SolutionProperties) = preSolution
		HideSolutionNode = FALSE
	EndGlobalSection
	GlobalSection(ExtensibilityGlobals) = postSolution
		SolutionGuid = {EC227154-8562-4885-8831-DDB35B89E433}
	EndGlobalSection
EndGlobal
